{
	"name": "rgs-workshop",
	"lockfileVersion": 2,
	"requires": true,
	"packages": {
		"": {
			"dependencies": {
				"debug": "^4.3.4",
				"lightningdevkit": "^0.0.11-1.1",
				"lightningdevkit-node-net": "^0.0.11-1.1"
			},
			"devDependencies": {
				"@types/debug": "^4.1.7",
				"@types/node": "^18.8.3",
				"typescript": "^4.8.4"
			}
		},
		"node_modules/@types/debug": {
			"version": "4.1.7",
			"resolved": "https://registry.npmjs.org/@types/debug/-/debug-4.1.7.tgz",
			"integrity": "sha512-9AonUzyTjXXhEOa0DnqpzZi6VHlqKMswga9EXjpXnnqxwLtdvPPtlO8evrI5D9S6asFRCQ6v+wpiUKbw+vKqyg==",
			"dev": true,
			"dependencies": {
				"@types/ms": "*"
			}
		},
		"node_modules/@types/ms": {
			"version": "0.7.31",
			"resolved": "https://registry.npmjs.org/@types/ms/-/ms-0.7.31.tgz",
			"integrity": "sha512-iiUgKzV9AuaEkZqkOLDIvlQiL6ltuZd9tGcW3gwpnX8JbuiuhFlEGmmFXEXkN50Cvq7Os88IY2v0dkDqXYWVgA==",
			"dev": true
		},
		"node_modules/@types/node": {
			"version": "18.8.3",
			"resolved": "https://registry.npmjs.org/@types/node/-/node-18.8.3.tgz",
			"integrity": "sha512-0os9vz6BpGwxGe9LOhgP/ncvYN5Tx1fNcd2TM3rD/aCGBkysb+ZWpXEocG24h6ZzOi13+VB8HndAQFezsSOw1w==",
			"dev": true
		},
		"node_modules/debug": {
			"version": "4.3.4",
			"resolved": "https://registry.npmjs.org/debug/-/debug-4.3.4.tgz",
			"integrity": "sha512-PRWFHuSU3eDtQJPvnNY7Jcket1j0t5OuOsFzPPzsekD52Zl8qUfFIPEiswXqIvHWGVHOgX+7G/vCNNhehwxfkQ==",
			"dependencies": {
				"ms": "2.1.2"
			},
			"engines": {
				"node": ">=6.0"
			},
			"peerDependenciesMeta": {
				"supports-color": {
					"optional": true
				}
			}
		},
		"node_modules/lightningdevkit": {
			"version": "0.0.11-1.1",
			"resolved": "https://registry.npmjs.org/lightningdevkit/-/lightningdevkit-0.0.11-1.1.tgz",
			"integrity": "sha512-Xf3/eNBLyQKHVGXisq3chAjKFxLbghhwzFKwZbOngTXDMTD2vm0paN+eMSH85xrgxA0FwNE5VlyfQzbAJ5wifQ=="
		},
		"node_modules/lightningdevkit-node-net": {
			"version": "0.0.11-1.1",
			"resolved": "https://registry.npmjs.org/lightningdevkit-node-net/-/lightningdevkit-node-net-0.0.11-1.1.tgz",
			"integrity": "sha512-WZeWs8L2JmVsSB/d6kkHmf+hpTSxFHkOu6xm506btHU0QRDzwvYGDsJ4yTv/CYKjap4o80ueRiNvtkr+14rJ/Q==",
			"dependencies": {
				"lightningdevkit": "0.0.111.1"
			}
		},
		"node_modules/ms": {
			"version": "2.1.2",
			"resolved": "https://registry.npmjs.org/ms/-/ms-2.1.2.tgz",
			"integrity": "sha512-sGkPx+VjMtmA6MX27oA4FBFELFCZZ4S4XqeGOXCv68tT+jb3vk/RyaKWP0PTKyWtmLSM0b+adUTEvbs1PEaH2w=="
		},
		"node_modules/typescript": {
			"version": "4.8.4",
			"resolved": "https://registry.npmjs.org/typescript/-/typescript-4.8.4.tgz",
			"integrity": "sha512-QCh+85mCy+h0IGff8r5XWzOVSbBO+KfeYrMQh7NJ58QujwcE22u+NUSmUxqF+un70P9GXKxa2HCNiTTMJknyjQ==",
			"dev": true,
			"bin": {
				"tsc": "bin/tsc",
				"tsserver": "bin/tsserver"
			},
			"engines": {
				"node": ">=4.2.0"
			}
		}
	},
	"dependencies": {
		"@types/debug": {
			"version": "4.1.7",
			"resolved": "https://registry.npmjs.org/@types/debug/-/debug-4.1.7.tgz",
			"integrity": "sha512-9AonUzyTjXXhEOa0DnqpzZi6VHlqKMswga9EXjpXnnqxwLtdvPPtlO8evrI5D9S6asFRCQ6v+wpiUKbw+vKqyg==",
			"dev": true,
			"requires": {
				"@types/ms": "*"
			}
		},
		"@types/ms": {
			"version": "0.7.31",
			"resolved": "https://registry.npmjs.org/@types/ms/-/ms-0.7.31.tgz",
			"integrity": "sha512-iiUgKzV9AuaEkZqkOLDIvlQiL6ltuZd9tGcW3gwpnX8JbuiuhFlEGmmFXEXkN50Cvq7Os88IY2v0dkDqXYWVgA==",
			"dev": true
		},
		"@types/node": {
			"version": "18.8.3",
			"resolved": "https://registry.npmjs.org/@types/node/-/node-18.8.3.tgz",
			"integrity": "sha512-0os9vz6BpGwxGe9LOhgP/ncvYN5Tx1fNcd2TM3rD/aCGBkysb+ZWpXEocG24h6ZzOi13+VB8HndAQFezsSOw1w==",
			"dev": true
		},
		"debug": {
			"version": "4.3.4",
			"resolved": "https://registry.npmjs.org/debug/-/debug-4.3.4.tgz",
			"integrity": "sha512-PRWFHuSU3eDtQJPvnNY7Jcket1j0t5OuOsFzPPzsekD52Zl8qUfFIPEiswXqIvHWGVHOgX+7G/vCNNhehwxfkQ==",
			"requires": {
				"ms": "2.1.2"
			}
		},
		"lightningdevkit": {
			"version": "0.0.11-1.1",
			"resolved": "https://registry.npmjs.org/lightningdevkit/-/lightningdevkit-0.0.11-1.1.tgz",
			"integrity": "sha512-Xf3/eNBLyQKHVGXisq3chAjKFxLbghhwzFKwZbOngTXDMTD2vm0paN+eMSH85xrgxA0FwNE5VlyfQzbAJ5wifQ=="
		},
		"lightningdevkit-node-net": {
			"version": "0.0.11-1.1",
			"resolved": "https://registry.npmjs.org/lightningdevkit-node-net/-/lightningdevkit-node-net-0.0.11-1.1.tgz",
			"integrity": "sha512-WZeWs8L2JmVsSB/d6kkHmf+hpTSxFHkOu6xm506btHU0QRDzwvYGDsJ4yTv/CYKjap4o80ueRiNvtkr+14rJ/Q==",
			"requires": {
				"lightningdevkit": "0.0.111.1"
			}
		},
		"ms": {
			"version": "2.1.2",
			"resolved": "https://registry.npmjs.org/ms/-/ms-2.1.2.tgz",
			"integrity": "sha512-sGkPx+VjMtmA6MX27oA4FBFELFCZZ4S4XqeGOXCv68tT+jb3vk/RyaKWP0PTKyWtmLSM0b+adUTEvbs1PEaH2w=="
		},
		"typescript": {
			"version": "4.8.4",
			"resolved": "https://registry.npmjs.org/typescript/-/typescript-4.8.4.tgz",
			"integrity": "sha512-QCh+85mCy+h0IGff8r5XWzOVSbBO+KfeYrMQh7NJ58QujwcE22u+NUSmUxqF+un70P9GXKxa2HCNiTTMJknyjQ==",
			"dev": true
		}
	}
}
